// !$*UTF8*$!
{
	archiveVersion = 1;
	classes = {
	};
	objectVersion = 56;
	objects = {

/* Begin PBXBuildFile section */
		A846F2512B0CC55600D8CA14 /* AppDelegate.swift in Sources */ = {isa = PBXBuildFile; fileRef = A846F2502B0CC55600D8CA14 /* AppDelegate.swift */; };
		A846F2532B0CC55600D8CA14 /* SceneDelegate.swift in Sources */ = {isa = PBXBuildFile; fileRef = A846F2522B0CC55600D8CA14 /* SceneDelegate.swift */; };
		A846F2552B0CC55600D8CA14 /* ViewController.swift in Sources */ = {isa = PBXBuildFile; fileRef = A846F2542B0CC55600D8CA14 /* ViewController.swift */; };
		A846F2582B0CC55600D8CA14 /* Main.storyboard in Resources */ = {isa = PBXBuildFile; fileRef = A846F2562B0CC55600D8CA14 /* Main.storyboard */; };
		A846F25A2B0CC55700D8CA14 /* Assets.xcassets in Resources */ = {isa = PBXBuildFile; fileRef = A846F2592B0CC55700D8CA14 /* Assets.xcassets */; };
		A846F25D2B0CC55700D8CA14 /* LaunchScreen.storyboard in Resources */ = {isa = PBXBuildFile; fileRef = A846F25B2B0CC55700D8CA14 /* LaunchScreen.storyboard */; };
		A846F2652B0CC63800D8CA14 /* RestaurantMenu.swift in Sources */ = {isa = PBXBuildFile; fileRef = A846F2642B0CC63800D8CA14 /* RestaurantMenu.swift */; };
		A846F2672B0CC6B900D8CA14 /* DIsh.swift in Sources */ = {isa = PBXBuildFile; fileRef = A846F2662B0CC6B900D8CA14 /* DIsh.swift */; };
		A846F2712B0CC7E800D8CA14 /* Utility Toolbox in Frameworks */ = {isa = PBXBuildFile; productRef = A846F2702B0CC7E800D8CA14 /* Utility Toolbox */; };
		A846F2742B0CC84300D8CA14 /* restaurants.json in Resources */ = {isa = PBXBuildFile; fileRef = A846F2732B0CC84300D8CA14 /* restaurants.json */; };
		A846F2762B0CD06A00D8CA14 /* PlusJakartaSans.ttf in Resources */ = {isa = PBXBuildFile; fileRef = A846F2752B0CD06A00D8CA14 /* PlusJakartaSans.ttf */; };
		A846F2782B0CEC0E00D8CA14 /* Restaurant.swift in Sources */ = {isa = PBXBuildFile; fileRef = A846F2772B0CEC0E00D8CA14 /* Restaurant.swift */; };
		A846F27A2B0CEC7200D8CA14 /* Schedule.swift in Sources */ = {isa = PBXBuildFile; fileRef = A846F2792B0CEC7200D8CA14 /* Schedule.swift */; };
		A846F27F2B0E134600D8CA14 /* MenuViewController.swift in Sources */ = {isa = PBXBuildFile; fileRef = A846F27E2B0E134600D8CA14 /* MenuViewController.swift */; };
		A846F2822B0E1CFC00D8CA14 /* Kingfisher in Frameworks */ = {isa = PBXBuildFile; productRef = A846F2812B0E1CFC00D8CA14 /* Kingfisher */; };
/* End PBXBuildFile section */

/* Begin PBXFileReference section */
		A846F24D2B0CC55600D8CA14 /* ChezTotoProject.app */ = {isa = PBXFileReference; explicitFileType = wrapper.application; includeInIndex = 0; path = ChezTotoProject.app; sourceTree = BUILT_PRODUCTS_DIR; };
		A846F2502B0CC55600D8CA14 /* AppDelegate.swift */ = {isa = PBXFileReference; lastKnownFileType = sourcecode.swift; path = AppDelegate.swift; sourceTree = "<group>"; };
		A846F2522B0CC55600D8CA14 /* SceneDelegate.swift */ = {isa = PBXFileReference; lastKnownFileType = sourcecode.swift; path = SceneDelegate.swift; sourceTree = "<group>"; };
		A846F2542B0CC55600D8CA14 /* ViewController.swift */ = {isa = PBXFileReference; lastKnownFileType = sourcecode.swift; path = ViewController.swift; sourceTree = "<group>"; };
		A846F2572B0CC55600D8CA14 /* Base */ = {isa = PBXFileReference; lastKnownFileType = file.storyboard; name = Base; path = Base.lproj/Main.storyboard; sourceTree = "<group>"; };
		A846F2592B0CC55700D8CA14 /* Assets.xcassets */ = {isa = PBXFileReference; lastKnownFileType = folder.assetcatalog; path = Assets.xcassets; sourceTree = "<group>"; };
		A846F25C2B0CC55700D8CA14 /* Base */ = {isa = PBXFileReference; lastKnownFileType = file.storyboard; name = Base; path = Base.lproj/LaunchScreen.storyboard; sourceTree = "<group>"; };
		A846F25E2B0CC55700D8CA14 /* Info.plist */ = {isa = PBXFileReference; lastKnownFileType = text.plist.xml; path = Info.plist; sourceTree = "<group>"; };
		A846F2642B0CC63800D8CA14 /* RestaurantMenu.swift */ = {isa = PBXFileReference; lastKnownFileType = sourcecode.swift; path = RestaurantMenu.swift; sourceTree = "<group>"; };
		A846F2662B0CC6B900D8CA14 /* DIsh.swift */ = {isa = PBXFileReference; lastKnownFileType = sourcecode.swift; path = DIsh.swift; sourceTree = "<group>"; };
		A846F2732B0CC84300D8CA14 /* restaurants.json */ = {isa = PBXFileReference; lastKnownFileType = text.json; path = restaurants.json; sourceTree = "<group>"; };
		A846F2752B0CD06A00D8CA14 /* PlusJakartaSans.ttf */ = {isa = PBXFileReference; lastKnownFileType = file; path = PlusJakartaSans.ttf; sourceTree = "<group>"; };
		A846F2772B0CEC0E00D8CA14 /* Restaurant.swift */ = {isa = PBXFileReference; lastKnownFileType = sourcecode.swift; path = Restaurant.swift; sourceTree = "<group>"; };
		A846F2792B0CEC7200D8CA14 /* Schedule.swift */ = {isa = PBXFileReference; lastKnownFileType = sourcecode.swift; path = Schedule.swift; sourceTree = "<group>"; };
		A846F27E2B0E134600D8CA14 /* MenuViewController.swift */ = {isa = PBXFileReference; lastKnownFileType = sourcecode.swift; path = MenuViewController.swift; sourceTree = "<group>"; };
/* End PBXFileReference section */

/* Begin PBXFrameworksBuildPhase section */
		A846F24A2B0CC55600D8CA14 /* Frameworks */ = {
			isa = PBXFrameworksBuildPhase;
			buildActionMask = 2147483647;
			files = (
				A846F2822B0E1CFC00D8CA14 /* Kingfisher in Frameworks */,
				A846F2712B0CC7E800D8CA14 /* Utility Toolbox in Frameworks */,
			);
			runOnlyForDeploymentPostprocessing = 0;
		};
/* End PBXFrameworksBuildPhase section */

/* Begin PBXGroup section */
		A846F2442B0CC55600D8CA14 = {
			isa = PBXGroup;
			children = (
				A846F24F2B0CC55600D8CA14 /* ChezTotoProject */,
				A846F24E2B0CC55600D8CA14 /* Products */,
			);
			sourceTree = "<group>";
		};
		A846F24E2B0CC55600D8CA14 /* Products */ = {
			isa = PBXGroup;
			children = (
				A846F24D2B0CC55600D8CA14 /* ChezTotoProject.app */,
			);
			name = Products;
			sourceTree = "<group>";
		};
		A846F24F2B0CC55600D8CA14 /* ChezTotoProject */ = {
			isa = PBXGroup;
			children = (
				A846F2502B0CC55600D8CA14 /* AppDelegate.swift */,
				A846F2522B0CC55600D8CA14 /* SceneDelegate.swift */,
				A846F27D2B0E133700D8CA14 /* View Controllers */,
				A846F2722B0CC82400D8CA14 /* Resources */,
				A846F2682B0CC6C100D8CA14 /* Models */,
				A846F2562B0CC55600D8CA14 /* Main.storyboard */,
				A846F2592B0CC55700D8CA14 /* Assets.xcassets */,
				A846F25B2B0CC55700D8CA14 /* LaunchScreen.storyboard */,
				A846F25E2B0CC55700D8CA14 /* Info.plist */,
			);
			path = ChezTotoProject;
			sourceTree = "<group>";
		};
		A846F2682B0CC6C100D8CA14 /* Models */ = {
			isa = PBXGroup;
			children = (
				A846F2642B0CC63800D8CA14 /* RestaurantMenu.swift */,
				A846F2662B0CC6B900D8CA14 /* DIsh.swift */,
				A846F2772B0CEC0E00D8CA14 /* Restaurant.swift */,
				A846F2792B0CEC7200D8CA14 /* Schedule.swift */,
			);
			path = Models;
			sourceTree = "<group>";
		};
		A846F2722B0CC82400D8CA14 /* Resources */ = {
			isa = PBXGroup;
			children = (
				A846F2752B0CD06A00D8CA14 /* PlusJakartaSans.ttf */,
				A846F2732B0CC84300D8CA14 /* restaurants.json */,
			);
			path = Resources;
			sourceTree = "<group>";
		};
		A846F27D2B0E133700D8CA14 /* View Controllers */ = {
			isa = PBXGroup;
			children = (
				A846F2542B0CC55600D8CA14 /* ViewController.swift */,
				A846F27E2B0E134600D8CA14 /* MenuViewController.swift */,
			);
			path = "View Controllers";
			sourceTree = "<group>";
		};
/* End PBXGroup section */

/* Begin PBXNativeTarget section */
		A846F24C2B0CC55600D8CA14 /* ChezTotoProject */ = {
			isa = PBXNativeTarget;
			buildConfigurationList = A846F2612B0CC55700D8CA14 /* Build configuration list for PBXNativeTarget "ChezTotoProject" */;
			buildPhases = (
				A846F2492B0CC55600D8CA14 /* Sources */,
				A846F24A2B0CC55600D8CA14 /* Frameworks */,
				A846F24B2B0CC55600D8CA14 /* Resources */,
			);
			buildRules = (
			);
			dependencies = (
			);
			name = ChezTotoProject;
			packageProductDependencies = (
				A846F2702B0CC7E800D8CA14 /* Utility Toolbox */,
				A846F2812B0E1CFC00D8CA14 /* Kingfisher */,
			);
			productName = ChezTotoProject;
			productReference = A846F24D2B0CC55600D8CA14 /* ChezTotoProject.app */;
			productType = "com.apple.product-type.application";
		};
/* End PBXNativeTarget section */

/* Begin PBXProject section */
		A846F2452B0CC55600D8CA14 /* Project object */ = {
			isa = PBXProject;
			attributes = {
				BuildIndependentTargetsInParallel = 1;
				LastSwiftUpdateCheck = 1500;
				LastUpgradeCheck = 1500;
				TargetAttributes = {
					A846F24C2B0CC55600D8CA14 = {
						CreatedOnToolsVersion = 15.0;
					};
				};
			};
			buildConfigurationList = A846F2482B0CC55600D8CA14 /* Build configuration list for PBXProject "ChezTotoProject" */;
			compatibilityVersion = "Xcode 14.0";
			developmentRegion = en;
			hasScannedForEncodings = 0;
			knownRegions = (
				en,
				Base,
			);
			mainGroup = A846F2442B0CC55600D8CA14;
			packageReferences = (
				A846F26F2B0CC7E800D8CA14 /* XCRemoteSwiftPackageReference "UtilityToolbox" */,
				A846F2802B0E1CFC00D8CA14 /* XCRemoteSwiftPackageReference "Kingfisher" */,
			);
			productRefGroup = A846F24E2B0CC55600D8CA14 /* Products */;
			projectDirPath = "";
			projectRoot = "";
			targets = (
				A846F24C2B0CC55600D8CA14 /* ChezTotoProject */,
			);
		};
/* End PBXProject section */

/* Begin PBXResourcesBuildPhase section */
		A846F24B2B0CC55600D8CA14 /* Resources */ = {
			isa = PBXResourcesBuildPhase;
			buildActionMask = 2147483647;
			files = (
				A846F25D2B0CC55700D8CA14 /* LaunchScreen.storyboard in Resources */,
				A846F25A2B0CC55700D8CA14 /* Assets.xcassets in Resources */,
				A846F2742B0CC84300D8CA14 /* restaurants.json in Resources */,
				A846F2582B0CC55600D8CA14 /* Main.storyboard in Resources */,
				A846F2762B0CD06A00D8CA14 /* PlusJakartaSans.ttf in Resources */,
			);
			runOnlyForDeploymentPostprocessing = 0;
		};
/* End PBXResourcesBuildPhase section */

/* Begin PBXSourcesBuildPhase section */
		A846F2492B0CC55600D8CA14 /* Sources */ = {
			isa = PBXSourcesBuildPhase;
			buildActionMask = 2147483647;
			files = (
				A846F2782B0CEC0E00D8CA14 /* Restaurant.swift in Sources */,
				A846F2552B0CC55600D8CA14 /* ViewController.swift in Sources */,
				A846F2652B0CC63800D8CA14 /* RestaurantMenu.swift in Sources */,
				A846F2512B0CC55600D8CA14 /* AppDelegate.swift in Sources */,
				A846F2532B0CC55600D8CA14 /* SceneDelegate.swift in Sources */,
				A846F27A2B0CEC7200D8CA14 /* Schedule.swift in Sources */,
				A846F2672B0CC6B900D8CA14 /* DIsh.swift in Sources */,
				A846F27F2B0E134600D8CA14 /* MenuViewController.swift in Sources */,
			);
			runOnlyForDeploymentPostprocessing = 0;
		};
/* End PBXSourcesBuildPhase section */

/* Begin PBXVariantGroup section */
		A846F2562B0CC55600D8CA14 /* Main.storyboard */ = {
			isa = PBXVariantGroup;
			children = (
				A846F2572B0CC55600D8CA14 /* Base */,
			);
			name = Main.storyboard;
			sourceTree = "<group>";
		};
		A846F25B2B0CC55700D8CA14 /* LaunchScreen.storyboard */ = {
			isa = PBXVariantGroup;
			children = (
				A846F25C2B0CC55700D8CA14 /* Base */,
			);
			name = LaunchScreen.storyboard;
			sourceTree = "<group>";
		};
/* End PBXVariantGroup section */

/* Begin XCBuildConfiguration section */
		A846F25F2B0CC55700D8CA14 /* Debug */ = {
			isa = XCBuildConfiguration;
			buildSettings = {
				ALWAYS_SEARCH_USER_PATHS = NO;
				ASSETCATALOG_COMPILER_GENERATE_SWIFT_ASSET_SYMBOL_EXTENSIONS = YES;
				CLANG_ANALYZER_NONNULL = YES;
				CLANG_ANALYZER_NUMBER_OBJECT_CONVERSION = YES_AGGRESSIVE;
				CLANG_CXX_LANGUAGE_STANDARD = "gnu++20";
				CLANG_ENABLE_MODULES = YES;
				CLANG_ENABLE_OBJC_ARC = YES;
				CLANG_ENABLE_OBJC_WEAK = YES;
				CLANG_WARN_BLOCK_CAPTURE_AUTORELEASING = YES;
				CLANG_WARN_BOOL_CONVERSION = YES;
				CLANG_WARN_COMMA = YES;
				CLANG_WARN_CONSTANT_CONVERSION = YES;
				CLANG_WARN_DEPRECATED_OBJC_IMPLEMENTATIONS = YES;
				CLANG_WARN_DIRECT_OBJC_ISA_USAGE = YES_ERROR;
				CLANG_WARN_DOCUMENTATION_COMMENTS = YES;
				CLANG_WARN_EMPTY_BODY = YES;
				CLANG_WARN_ENUM_CONVERSION = YES;
				CLANG_WARN_INFINITE_RECURSION = YES;
				CLANG_WARN_INT_CONVERSION = YES;
				CLANG_WARN_NON_LITERAL_NULL_CONVERSION = YES;
				CLANG_WARN_OBJC_IMPLICIT_RETAIN_SELF = YES;
				CLANG_WARN_OBJC_LITERAL_CONVERSION = YES;
				CLANG_WARN_OBJC_ROOT_CLASS = YES_ERROR;
				CLANG_WARN_QUOTED_INCLUDE_IN_FRAMEWORK_HEADER = YES;
				CLANG_WARN_RANGE_LOOP_ANALYSIS = YES;
				CLANG_WARN_STRICT_PROTOTYPES = YES;
				CLANG_WARN_SUSPICIOUS_MOVE = YES;
				CLANG_WARN_UNGUARDED_AVAILABILITY = YES_AGGRESSIVE;
				CLANG_WARN_UNREACHABLE_CODE = YES;
				CLANG_WARN__DUPLICATE_METHOD_MATCH = YES;
				COPY_PHASE_STRIP = NO;
				DEBUG_INFORMATION_FORMAT = dwarf;
				ENABLE_STRICT_OBJC_MSGSEND = YES;
				ENABLE_TESTABILITY = YES;
				ENABLE_USER_SCRIPT_SANDBOXING = YES;
				GCC_C_LANGUAGE_STANDARD = gnu17;
				GCC_DYNAMIC_NO_PIC = NO;
				GCC_NO_COMMON_BLOCKS = YES;
				GCC_OPTIMIZATION_LEVEL = 0;
				GCC_PREPROCESSOR_DEFINITIONS = (
					"DEBUG=1",
					"$(inherited)",
				);
				GCC_WARN_64_TO_32_BIT_CONVERSION = YES;
				GCC_WARN_ABOUT_RETURN_TYPE = YES_ERROR;
				GCC_WARN_UNDECLARED_SELECTOR = YES;
				GCC_WARN_UNINITIALIZED_AUTOS = YES_AGGRESSIVE;
				GCC_WARN_UNUSED_FUNCTION = YES;
				GCC_WARN_UNUSED_VARIABLE = YES;
				IPHONEOS_DEPLOYMENT_TARGET = 17.0;
				LOCALIZATION_PREFERS_STRING_CATALOGS = YES;
				MTL_ENABLE_DEBUG_INFO = INCLUDE_SOURCE;
				MTL_FAST_MATH = YES;
				ONLY_ACTIVE_ARCH = YES;
				SDKROOT = iphoneos;
				SWIFT_ACTIVE_COMPILATION_CONDITIONS = "DEBUG $(inherited)";
				SWIFT_OPTIMIZATION_LEVEL = "-Onone";
			};
			name = Debug;
		};
		A846F2602B0CC55700D8CA14 /* Release */ = {
			isa = XCBuildConfiguration;
			buildSettings = {
				ALWAYS_SEARCH_USER_PATHS = NO;
				ASSETCATALOG_COMPILER_GENERATE_SWIFT_ASSET_SYMBOL_EXTENSIONS = YES;
				CLANG_ANALYZER_NONNULL = YES;
				CLANG_ANALYZER_NUMBER_OBJECT_CONVERSION = YES_AGGRESSIVE;
				CLANG_CXX_LANGUAGE_STANDARD = "gnu++20";
				CLANG_ENABLE_MODULES = YES;
				CLANG_ENABLE_OBJC_ARC = YES;
				CLANG_ENABLE_OBJC_WEAK = YES;
				CLANG_WARN_BLOCK_CAPTURE_AUTORELEASING = YES;
				CLANG_WARN_BOOL_CONVERSION = YES;
				CLANG_WARN_COMMA = YES;
				CLANG_WARN_CONSTANT_CONVERSION = YES;
				CLANG_WARN_DEPRECATED_OBJC_IMPLEMENTATIONS = YES;
				CLANG_WARN_DIRECT_OBJC_ISA_USAGE = YES_ERROR;
				CLANG_WARN_DOCUMENTATION_COMMENTS = YES;
				CLANG_WARN_EMPTY_BODY = YES;
				CLANG_WARN_ENUM_CONVERSION = YES;
				CLANG_WARN_INFINITE_RECURSION = YES;
				CLANG_WARN_INT_CONVERSION = YES;
				CLANG_WARN_NON_LITERAL_NULL_CONVERSION = YES;
				CLANG_WARN_OBJC_IMPLICIT_RETAIN_SELF = YES;
				CLANG_WARN_OBJC_LITERAL_CONVERSION = YES;
				CLANG_WARN_OBJC_ROOT_CLASS = YES_ERROR;
				CLANG_WARN_QUOTED_INCLUDE_IN_FRAMEWORK_HEADER = YES;
				CLANG_WARN_RANGE_LOOP_ANALYSIS = YES;
				CLANG_WARN_STRICT_PROTOTYPES = YES;
				CLANG_WARN_SUSPICIOUS_MOVE = YES;
				CLANG_WARN_UNGUARDED_AVAILABILITY = YES_AGGRESSIVE;
				CLANG_WARN_UNREACHABLE_CODE = YES;
				CLANG_WARN__DUPLICATE_METHOD_MATCH = YES;
				COPY_PHASE_STRIP = NO;
				DEBUG_INFORMATION_FORMAT = "dwarf-with-dsym";
				ENABLE_NS_ASSERTIONS = NO;
				ENABLE_STRICT_OBJC_MSGSEND = YES;
				ENABLE_USER_SCRIPT_SANDBOXING = YES;
				GCC_C_LANGUAGE_STANDARD = gnu17;
				GCC_NO_COMMON_BLOCKS = YES;
				GCC_WARN_64_TO_32_BIT_CONVERSION = YES;
				GCC_WARN_ABOUT_RETURN_TYPE = YES_ERROR;
				GCC_WARN_UNDECLARED_SELECTOR = YES;
				GCC_WARN_UNINITIALIZED_AUTOS = YES_AGGRESSIVE;
				GCC_WARN_UNUSED_FUNCTION = YES;
				GCC_WARN_UNUSED_VARIABLE = YES;
				IPHONEOS_DEPLOYMENT_TARGET = 17.0;
				LOCALIZATION_PREFERS_STRING_CATALOGS = YES;
				MTL_ENABLE_DEBUG_INFO = NO;
				MTL_FAST_MATH = YES;
				SDKROOT = iphoneos;
				SWIFT_COMPILATION_MODE = wholemodule;
				VALIDATE_PRODUCT = YES;
			};
			name = Release;
		};
		A846F2622B0CC55700D8CA14 /* Debug */ = {
			isa = XCBuildConfiguration;
			buildSettings = {
				ASSETCATALOG_COMPILER_APPICON_NAME = AppIcon;
				ASSETCATALOG_COMPILER_GLOBAL_ACCENT_COLOR_NAME = AccentColor;
				CODE_SIGN_STYLE = Automatic;
				CURRENT_PROJECT_VERSION = 1;
				DEVELOPMENT_TEAM = Q6DV6C6352;
				GENERATE_INFOPLIST_FILE = YES;
				INFOPLIST_FILE = ChezTotoProject/Info.plist;
				INFOPLIST_KEY_UIApplicationSupportsIndirectInputEvents = YES;
				INFOPLIST_KEY_UILaunchStoryboardName = LaunchScreen.storyboard;
				INFOPLIST_KEY_UIMainStoryboardFile = Main;
				INFOPLIST_KEY_UISupportedInterfaceOrientations_iPad = "UIInterfaceOrientationPortrait UIInterfaceOrientationPortraitUpsideDown UIInterfaceOrientationLandscapeLeft UIInterfaceOrientationLandscapeRight";
				INFOPLIST_KEY_UISupportedInterfaceOrientations_iPhone = "UIInterfaceOrientationPortrait UIInterfaceOrientationLandscapeLeft UIInterfaceOrientationLandscapeRight";
				LD_RUNPATH_SEARCH_PATHS = (
					"$(inherited)",
					"@executable_path/Frameworks",
				);
				MARKETING_VERSION = 1.0;
				PRODUCT_BUNDLE_IDENTIFIER = yann.ChezTotoProject;
				PRODUCT_NAME = "$(TARGET_NAME)";
				SWIFT_EMIT_LOC_STRINGS = YES;
				SWIFT_VERSION = 5.0;
				TARGETED_DEVICE_FAMILY = "1,2";
			};
			name = Debug;
		};
		A846F2632B0CC55700D8CA14 /* Release */ = {
			isa = XCBuildConfiguration;
			buildSettings = {
				ASSETCATALOG_COMPILER_APPICON_NAME = AppIcon;
				ASSETCATALOG_COMPILER_GLOBAL_ACCENT_COLOR_NAME = AccentColor;
				CODE_SIGN_STYLE = Automatic;
				CURRENT_PROJECT_VERSION = 1;
				DEVELOPMENT_TEAM = Q6DV6C6352;
				GENERATE_INFOPLIST_FILE = YES;
				INFOPLIST_FILE = ChezTotoProject/Info.plist;
				INFOPLIST_KEY_UIApplicationSupportsIndirectInputEvents = YES;
				INFOPLIST_KEY_UILaunchStoryboardName = LaunchScreen.storyboard;
				INFOPLIST_KEY_UIMainStoryboardFile = Main;
				INFOPLIST_KEY_UISupportedInterfaceOrientations_iPad = "UIInterfaceOrientationPortrait UIInterfaceOrientationPortraitUpsideDown UIInterfaceOrientationLandscapeLeft UIInterfaceOrientationLandscapeRight";
				INFOPLIST_KEY_UISupportedInterfaceOrientations_iPhone = "UIInterfaceOrientationPortrait UIInterfaceOrientationLandscapeLeft UIInterfaceOrientationLandscapeRight";
				LD_RUNPATH_SEARCH_PATHS = (
					"$(inherited)",
					"@executable_path/Frameworks",
				);
				MARKETING_VERSION = 1.0;
				PRODUCT_BUNDLE_IDENTIFIER = yann.ChezTotoProject;
				PRODUCT_NAME = "$(TARGET_NAME)";
				SWIFT_EMIT_LOC_STRINGS = YES;
				SWIFT_VERSION = 5.0;
				TARGETED_DEVICE_FAMILY = "1,2";
			};
			name = Release;
		};
/* End XCBuildConfiguration section */

/* Begin XCConfigurationList section */
		A846F2482B0CC55600D8CA14 /* Build configuration list for PBXProject "ChezTotoProject" */ = {
			isa = XCConfigurationList;
			buildConfigurations = (
				A846F25F2B0CC55700D8CA14 /* Debug */,
				A846F2602B0CC55700D8CA14 /* Release */,
			);
			defaultConfigurationIsVisible = 0;
			defaultConfigurationName = Release;
		};
		A846F2612B0CC55700D8CA14 /* Build configuration list for PBXNativeTarget "ChezTotoProject" */ = {
			isa = XCConfigurationList;
			buildConfigurations = (
				A846F2622B0CC55700D8CA14 /* Debug */,
				A846F2632B0CC55700D8CA14 /* Release */,
			);
			defaultConfigurationIsVisible = 0;
			defaultConfigurationName = Release;
		};
/* End XCConfigurationList section */

/* Begin XCRemoteSwiftPackageReference section */
		A846F26F2B0CC7E800D8CA14 /* XCRemoteSwiftPackageReference "UtilityToolbox" */ = {
			isa = XCRemoteSwiftPackageReference;
			repositoryURL = "https://github.com/nokuni/UtilityToolbox";
			requirement = {
				branch = main;
				kind = branch;
			};
		};
		A846F2802B0E1CFC00D8CA14 /* XCRemoteSwiftPackageReference "Kingfisher" */ = {
			isa = XCRemoteSwiftPackageReference;
			repositoryURL = "https://github.com/onevcat/Kingfisher";
			requirement = {
				kind = upToNextMajorVersion;
				minimumVersion = 7.10.0;
			};
		};
/* End XCRemoteSwiftPackageReference section */

/* Begin XCSwiftPackageProductDependency section */
		A846F2702B0CC7E800D8CA14 /* Utility Toolbox */ = {
			isa = XCSwiftPackageProductDependency;
			package = A846F26F2B0CC7E800D8CA14 /* XCRemoteSwiftPackageReference "UtilityToolbox" */;
			productName = "Utility Toolbox";
		};
		A846F2812B0E1CFC00D8CA14 /* Kingfisher */ = {
			isa = XCSwiftPackageProductDependency;
			package = A846F2802B0E1CFC00D8CA14 /* XCRemoteSwiftPackageReference "Kingfisher" */;
			productName = Kingfisher;
		};
/* End XCSwiftPackageProductDependency section */
	};
	rootObject = A846F2452B0CC55600D8CA14 /* Project object */;
}
